
Microsoft Visual Studio Solution File, Format Version 12.00
# Visual Studio 2012
VisualStudioVersion = 14.0.23107.0
MinimumVisualStudioVersion = 10.0.40219.1
Project("{FAE04EC0-301F-11D3-BF4B-00C04F79EFBC}") = "HockeyTransfers.UWP", "HockeyTransfers.UWP\HockeyTransfers.UWP.csproj", "{A21116E1-7F3D-4954-965A-FA7D25C41274}"
EndProject
Project("{FAE04EC0-301F-11D3-BF4B-00C04F79EFBC}") = "HockeyTransfers.Core", "HockeyTransfers.Core\HockeyTransfers.Core.csproj", "{ECD581D0-57E1-46F2-BB40-DC7D8EFF9553}"
EndProject
Project("{FAE04EC0-301F-11D3-BF4B-00C04F79EFBC}") = "HockeyTransfers.Models", "HockeyTransfers.Models\HockeyTransfers.Models.csproj", "{C8A9F839-F665-470F-9A37-A8896F34A7CE}"
EndProject
Project("{FAE04EC0-301F-11D3-BF4B-00C04F79EFBC}") = "HockeyTransfers.Droid", "HockeyTransfers.Droid\HockeyTransfers.Droid.csproj", "{93DF2CDA-95B0-4627-830A-177B27E71BD9}"
EndProject
Project("{FAE04EC0-301F-11D3-BF4B-00C04F79EFBC}") = "HockeyTransfers.iOS", "HockeyTransfers.iOS\HockeyTransfers.iOS.csproj", "{3DECDABD-0448-43CB-A1F0-D8728F03DF37}"
EndProject
Project("{FAE04EC0-301F-11D3-BF4B-00C04F79EFBC}") = "HockeyTransfer.Droid.UITest", "HockeyTransfer.Droid.UITest\HockeyTransfer.Droid.UITest.csproj", "{00EB8D27-00B7-485F-95ED-1DE79429A781}"
EndProject
Global
	GlobalSection(SolutionConfigurationPlatforms) = preSolution
		Ad-Hoc|Any CPU = Ad-Hoc|Any CPU
		Ad-Hoc|ARM = Ad-Hoc|ARM
		Ad-Hoc|iPhone = Ad-Hoc|iPhone
		Ad-Hoc|iPhoneSimulator = Ad-Hoc|iPhoneSimulator
		Ad-Hoc|x64 = Ad-Hoc|x64
		Ad-Hoc|x86 = Ad-Hoc|x86
		AppStore|Any CPU = AppStore|Any CPU
		AppStore|ARM = AppStore|ARM
		AppStore|iPhone = AppStore|iPhone
		AppStore|iPhoneSimulator = AppStore|iPhoneSimulator
		AppStore|x64 = AppStore|x64
		AppStore|x86 = AppStore|x86
		Debug|Any CPU = Debug|Any CPU
		Debug|ARM = Debug|ARM
		Debug|iPhone = Debug|iPhone
		Debug|iPhoneSimulator = Debug|iPhoneSimulator
		Debug|x64 = Debug|x64
		Debug|x86 = Debug|x86
		Release|Any CPU = Release|Any CPU
		Release|ARM = Release|ARM
		Release|iPhone = Release|iPhone
		Release|iPhoneSimulator = Release|iPhoneSimulator
		Release|x64 = Release|x64
		Release|x86 = Release|x86
	EndGlobalSection
	GlobalSection(ProjectConfigurationPlatforms) = postSolution
		{00EB8D27-00B7-485F-95ED-1DE79429A781}.Ad-Hoc|Any CPU.ActiveCfg = Debug|Any CPU
		{00EB8D27-00B7-485F-95ED-1DE79429A781}.Ad-Hoc|Any CPU.Build.0 = Debug|Any CPU
		{00EB8D27-00B7-485F-95ED-1DE79429A781}.Ad-Hoc|ARM.ActiveCfg = Debug|Any CPU
		{00EB8D27-00B7-485F-95ED-1DE79429A781}.Ad-Hoc|ARM.Build.0 = Debug|Any CPU
		{00EB8D27-00B7-485F-95ED-1DE79429A781}.Ad-Hoc|iPhone.ActiveCfg = Debug|Any CPU
		{00EB8D27-00B7-485F-95ED-1DE79429A781}.Ad-Hoc|iPhone.Build.0 = Debug|Any CPU
		{00EB8D27-00B7-485F-95ED-1DE79429A781}.Ad-Hoc|iPhoneSimulator.ActiveCfg = Debug|Any CPU
		{00EB8D27-00B7-485F-95ED-1DE79429A781}.Ad-Hoc|iPhoneSimulator.Build.0 = Debug|Any CPU
		{00EB8D27-00B7-485F-95ED-1DE79429A781}.Ad-Hoc|x64.ActiveCfg = Debug|Any CPU
		{00EB8D27-00B7-485F-95ED-1DE79429A781}.Ad-Hoc|x64.Build.0 = Debug|Any CPU
		{00EB8D27-00B7-485F-95ED-1DE79429A781}.Ad-Hoc|x86.ActiveCfg = Debug|Any CPU
		{00EB8D27-00B7-485F-95ED-1DE79429A781}.Ad-Hoc|x86.Build.0 = Debug|Any CPU
		{00EB8D27-00B7-485F-95ED-1DE79429A781}.AppStore|Any CPU.ActiveCfg = Debug|Any CPU
		{00EB8D27-00B7-485F-95ED-1DE79429A781}.AppStore|Any CPU.Build.0 = Debug|Any CPU
		{00EB8D27-00B7-485F-95ED-1DE79429A781}.AppStore|ARM.ActiveCfg = Debug|Any CPU
		{00EB8D27-00B7-485F-95ED-1DE79429A781}.AppStore|ARM.Build.0 = Debug|Any CPU
		{00EB8D27-00B7-485F-95ED-1DE79429A781}.AppStore|iPhone.ActiveCfg = Debug|Any CPU
		{00EB8D27-00B7-485F-95ED-1DE79429A781}.AppStore|iPhone.Build.0 = Debug|Any CPU
		{00EB8D27-00B7-485F-95ED-1DE79429A781}.AppStore|iPhoneSimulator.ActiveCfg = Debug|Any CPU
		{00EB8D27-00B7-485F-95ED-1DE79429A781}.AppStore|iPhoneSimulator.Build.0 = Debug|Any CPU
		{00EB8D27-00B7-485F-95ED-1DE79429A781}.AppStore|x64.ActiveCfg = Debug|Any CPU
		{00EB8D27-00B7-485F-95ED-1DE79429A781}.AppStore|x64.Build.0 = Debug|Any CPU
		{00EB8D27-00B7-485F-95ED-1DE79429A781}.AppStore|x86.ActiveCfg = Debug|Any CPU
		{00EB8D27-00B7-485F-95ED-1DE79429A781}.AppStore|x86.Build.0 = Debug|Any CPU
		{00EB8D27-00B7-485F-95ED-1DE79429A781}.Debug|Any CPU.ActiveCfg = Debug|Any CPU
		{00EB8D27-00B7-485F-95ED-1DE79429A781}.Debug|Any CPU.Build.0 = Debug|Any CPU
		{00EB8D27-00B7-485F-95ED-1DE79429A781}.Debug|ARM.ActiveCfg = Debug|Any CPU
		{00EB8D27-00B7-485F-95ED-1DE79429A781}.Debug|ARM.Build.0 = Debug|Any CPU
		{00EB8D27-00B7-485F-95ED-1DE79429A781}.Debug|iPhone.ActiveCfg = Debug|Any CPU
		{00EB8D27-00B7-485F-95ED-1DE79429A781}.Debug|iPhone.Build.0 = Debug|Any CPU
		{00EB8D27-00B7-485F-95ED-1DE79429A781}.Debug|iPhoneSimulator.ActiveCfg = Debug|Any CPU
		{00EB8D27-00B7-485F-95ED-1DE79429A781}.Debug|iPhoneSimulator.Build.0 = Debug|Any CPU
		{00EB8D27-00B7-485F-95ED-1DE79429A781}.Debug|x64.ActiveCfg = Debug|Any CPU
		{00EB8D27-00B7-485F-95ED-1DE79429A781}.Debug|x64.Build.0 = Debug|Any CPU
		{00EB8D27-00B7-485F-95ED-1DE79429A781}.Debug|x86.ActiveCfg = Debug|Any CPU
		{00EB8D27-00B7-485F-95ED-1DE79429A781}.Debug|x86.Build.0 = Debug|Any CPU
		{00EB8D27-00B7-485F-95ED-1DE79429A781}.Release|Any CPU.ActiveCfg = Release|Any CPU
		{00EB8D27-00B7-485F-95ED-1DE79429A781}.Release|Any CPU.Build.0 = Release|Any CPU
		{00EB8D27-00B7-485F-95ED-1DE79429A781}.Release|ARM.ActiveCfg = Release|Any CPU
		{00EB8D27-00B7-485F-95ED-1DE79429A781}.Release|ARM.Build.0 = Release|Any CPU
		{00EB8D27-00B7-485F-95ED-1DE79429A781}.Release|iPhone.ActiveCfg = Release|Any CPU
		{00EB8D27-00B7-485F-95ED-1DE79429A781}.Release|iPhone.Build.0 = Release|Any CPU
		{00EB8D27-00B7-485F-95ED-1DE79429A781}.Release|iPhoneSimulator.ActiveCfg = Release|Any CPU
		{00EB8D27-00B7-485F-95ED-1DE79429A781}.Release|iPhoneSimulator.Build.0 = Release|Any CPU
		{00EB8D27-00B7-485F-95ED-1DE79429A781}.Release|x64.ActiveCfg = Release|Any CPU
		{00EB8D27-00B7-485F-95ED-1DE79429A781}.Release|x64.Build.0 = Release|Any CPU
		{00EB8D27-00B7-485F-95ED-1DE79429A781}.Release|x86.ActiveCfg = Release|Any CPU
		{00EB8D27-00B7-485F-95ED-1DE79429A781}.Release|x86.Build.0 = Release|Any CPU
		{93DF2CDA-95B0-4627-830A-177B27E71BD9}.Ad-Hoc|Any CPU.ActiveCfg = Release|Any CPU
		{93DF2CDA-95B0-4627-830A-177B27E71BD9}.Ad-Hoc|Any CPU.Build.0 = Release|Any CPU
		{93DF2CDA-95B0-4627-830A-177B27E71BD9}.Ad-Hoc|Any CPU.Deploy.0 = Release|Any CPU
		{93DF2CDA-95B0-4627-830A-177B27E71BD9}.Ad-Hoc|ARM.ActiveCfg = Release|Any CPU
		{93DF2CDA-95B0-4627-830A-177B27E71BD9}.Ad-Hoc|ARM.Build.0 = Release|Any CPU
		{93DF2CDA-95B0-4627-830A-177B27E71BD9}.Ad-Hoc|ARM.Deploy.0 = Release|Any CPU
		{93DF2CDA-95B0-4627-830A-177B27E71BD9}.Ad-Hoc|iPhone.ActiveCfg = Release|Any CPU
		{93DF2CDA-95B0-4627-830A-177B27E71BD9}.Ad-Hoc|iPhone.Build.0 = Release|Any CPU
		{93DF2CDA-95B0-4627-830A-177B27E71BD9}.Ad-Hoc|iPhone.Deploy.0 = Release|Any CPU
		{93DF2CDA-95B0-4627-830A-177B27E71BD9}.Ad-Hoc|iPhoneSimulator.ActiveCfg = Release|Any CPU
		{93DF2CDA-95B0-4627-830A-177B27E71BD9}.Ad-Hoc|iPhoneSimulator.Build.0 = Release|Any CPU
		{93DF2CDA-95B0-4627-830A-177B27E71BD9}.Ad-Hoc|iPhoneSimulator.Deploy.0 = Release|Any CPU
		{93DF2CDA-95B0-4627-830A-177B27E71BD9}.Ad-Hoc|x64.ActiveCfg = Release|Any CPU
		{93DF2CDA-95B0-4627-830A-177B27E71BD9}.Ad-Hoc|x64.Build.0 = Release|Any CPU
		{93DF2CDA-95B0-4627-830A-177B27E71BD9}.Ad-Hoc|x64.Deploy.0 = Release|Any CPU
		{93DF2CDA-95B0-4627-830A-177B27E71BD9}.Ad-Hoc|x86.ActiveCfg = Release|Any CPU
		{93DF2CDA-95B0-4627-830A-177B27E71BD9}.Ad-Hoc|x86.Build.0 = Release|Any CPU
		{93DF2CDA-95B0-4627-830A-177B27E71BD9}.Ad-Hoc|x86.Deploy.0 = Release|Any CPU
		{93DF2CDA-95B0-4627-830A-177B27E71BD9}.AppStore|Any CPU.ActiveCfg = Release|Any CPU
		{93DF2CDA-95B0-4627-830A-177B27E71BD9}.AppStore|Any CPU.Build.0 = Release|Any CPU
		{93DF2CDA-95B0-4627-830A-177B27E71BD9}.AppStore|Any CPU.Deploy.0 = Release|Any CPU
		{93DF2CDA-95B0-4627-830A-177B27E71BD9}.AppStore|ARM.ActiveCfg = Release|Any CPU
		{93DF2CDA-95B0-4627-830A-177B27E71BD9}.AppStore|ARM.Build.0 = Release|Any CPU
		{93DF2CDA-95B0-4627-830A-177B27E71BD9}.AppStore|ARM.Deploy.0 = Release|Any CPU
		{93DF2CDA-95B0-4627-830A-177B27E71BD9}.AppStore|iPhone.ActiveCfg = Release|Any CPU
		{93DF2CDA-95B0-4627-830A-177B27E71BD9}.AppStore|iPhone.Build.0 = Release|Any CPU
		{93DF2CDA-95B0-4627-830A-177B27E71BD9}.AppStore|iPhone.Deploy.0 = Release|Any CPU
		{93DF2CDA-95B0-4627-830A-177B27E71BD9}.AppStore|iPhoneSimulator.ActiveCfg = Release|Any CPU
		{93DF2CDA-95B0-4627-830A-177B27E71BD9}.AppStore|iPhoneSimulator.Build.0 = Release|Any CPU
		{93DF2CDA-95B0-4627-830A-177B27E71BD9}.AppStore|iPhoneSimulator.Deploy.0 = Release|Any CPU
		{93DF2CDA-95B0-4627-830A-177B27E71BD9}.AppStore|x64.ActiveCfg = Release|Any CPU
		{93DF2CDA-95B0-4627-830A-177B27E71BD9}.AppStore|x64.Build.0 = Release|Any CPU
		{93DF2CDA-95B0-4627-830A-177B27E71BD9}.AppStore|x64.Deploy.0 = Release|Any CPU
		{93DF2CDA-95B0-4627-830A-177B27E71BD9}.AppStore|x86.ActiveCfg = Release|Any CPU
		{93DF2CDA-95B0-4627-830A-177B27E71BD9}.AppStore|x86.Build.0 = Release|Any CPU
		{93DF2CDA-95B0-4627-830A-177B27E71BD9}.AppStore|x86.Deploy.0 = Release|Any CPU
		{93DF2CDA-95B0-4627-830A-177B27E71BD9}.Debug|Any CPU.ActiveCfg = Debug|Any CPU
		{93DF2CDA-95B0-4627-830A-177B27E71BD9}.Debug|Any CPU.Build.0 = Debug|Any CPU
		{93DF2CDA-95B0-4627-830A-177B27E71BD9}.Debug|Any CPU.Deploy.0 = Debug|Any CPU
		{93DF2CDA-95B0-4627-830A-177B27E71BD9}.Debug|ARM.ActiveCfg = Debug|Any CPU
		{93DF2CDA-95B0-4627-830A-177B27E71BD9}.Debug|ARM.Build.0 = Debug|Any CPU
		{93DF2CDA-95B0-4627-830A-177B27E71BD9}.Debug|ARM.Deploy.0 = Debug|Any CPU
		{93DF2CDA-95B0-4627-830A-177B27E71BD9}.Debug|iPhone.ActiveCfg = Debug|Any CPU
		{93DF2CDA-95B0-4627-830A-177B27E71BD9}.Debug|iPhone.Build.0 = Debug|Any CPU
		{93DF2CDA-95B0-4627-830A-177B27E71BD9}.Debug|iPhone.Deploy.0 = Debug|Any CPU
		{93DF2CDA-95B0-4627-830A-177B27E71BD9}.Debug|iPhoneSimulator.ActiveCfg = Debug|Any CPU
		{93DF2CDA-95B0-4627-830A-177B27E71BD9}.Debug|iPhoneSimulator.Build.0 = Debug|Any CPU
		{93DF2CDA-95B0-4627-830A-177B27E71BD9}.Debug|iPhoneSimulator.Deploy.0 = Debug|Any CPU
		{93DF2CDA-95B0-4627-830A-177B27E71BD9}.Debug|x64.ActiveCfg = Debug|Any CPU
		{93DF2CDA-95B0-4627-830A-177B27E71BD9}.Debug|x64.Build.0 = Debug|Any CPU
		{93DF2CDA-95B0-4627-830A-177B27E71BD9}.Debug|x64.Deploy.0 = Debug|Any CPU
		{93DF2CDA-95B0-4627-830A-177B27E71BD9}.Debug|x86.ActiveCfg = Debug|Any CPU
		{93DF2CDA-95B0-4627-830A-177B27E71BD9}.Debug|x86.Build.0 = Debug|Any CPU
		{93DF2CDA-95B0-4627-830A-177B27E71BD9}.Debug|x86.Deploy.0 = Debug|Any CPU
		{93DF2CDA-95B0-4627-830A-177B27E71BD9}.Release|Any CPU.ActiveCfg = Release|Any CPU
		{93DF2CDA-95B0-4627-830A-177B27E71BD9}.Release|Any CPU.Build.0 = Release|Any CPU
		{93DF2CDA-95B0-4627-830A-177B27E71BD9}.Release|Any CPU.Deploy.0 = Release|Any CPU
		{93DF2CDA-95B0-4627-830A-177B27E71BD9}.Release|ARM.ActiveCfg = Release|Any CPU
		{93DF2CDA-95B0-4627-830A-177B27E71BD9}.Release|ARM.Build.0 = Release|Any CPU
		{93DF2CDA-95B0-4627-830A-177B27E71BD9}.Release|ARM.Deploy.0 = Release|Any CPU
		{93DF2CDA-95B0-4627-830A-177B27E71BD9}.Release|iPhone.ActiveCfg = Release|Any CPU
		{93DF2CDA-95B0-4627-830A-177B27E71BD9}.Release|iPhone.Build.0 = Release|Any CPU
		{93DF2CDA-95B0-4627-830A-177B27E71BD9}.Release|iPhone.Deploy.0 = Release|Any CPU
		{93DF2CDA-95B0-4627-830A-177B27E71BD9}.Release|iPhoneSimulator.ActiveCfg = Release|Any CPU
		{93DF2CDA-95B0-4627-830A-177B27E71BD9}.Release|iPhoneSimulator.Build.0 = Release|Any CPU
		{93DF2CDA-95B0-4627-830A-177B27E71BD9}.Release|iPhoneSimulator.Deploy.0 = Release|Any CPU
		{93DF2CDA-95B0-4627-830A-177B27E71BD9}.Release|x64.ActiveCfg = Release|Any CPU
		{93DF2CDA-95B0-4627-830A-177B27E71BD9}.Release|x64.Build.0 = Release|Any CPU
		{93DF2CDA-95B0-4627-830A-177B27E71BD9}.Release|x64.Deploy.0 = Release|Any CPU
		{93DF2CDA-95B0-4627-830A-177B27E71BD9}.Release|x86.ActiveCfg = Release|Any CPU
		{93DF2CDA-95B0-4627-830A-177B27E71BD9}.Release|x86.Build.0 = Release|Any CPU
		{93DF2CDA-95B0-4627-830A-177B27E71BD9}.Release|x86.Deploy.0 = Release|Any CPU
		{A21116E1-7F3D-4954-965A-FA7D25C41274}.Ad-Hoc|Any CPU.ActiveCfg = Release|x64
		{A21116E1-7F3D-4954-965A-FA7D25C41274}.Ad-Hoc|Any CPU.Build.0 = Release|x64
		{A21116E1-7F3D-4954-965A-FA7D25C41274}.Ad-Hoc|Any CPU.Deploy.0 = Release|x64
		{A21116E1-7F3D-4954-965A-FA7D25C41274}.Ad-Hoc|ARM.ActiveCfg = Release|ARM
		{A21116E1-7F3D-4954-965A-FA7D25C41274}.Ad-Hoc|ARM.Build.0 = Release|ARM
		{A21116E1-7F3D-4954-965A-FA7D25C41274}.Ad-Hoc|ARM.Deploy.0 = Release|ARM
		{A21116E1-7F3D-4954-965A-FA7D25C41274}.Ad-Hoc|iPhone.ActiveCfg = Release|x64
		{A21116E1-7F3D-4954-965A-FA7D25C41274}.Ad-Hoc|iPhone.Build.0 = Release|x64
		{A21116E1-7F3D-4954-965A-FA7D25C41274}.Ad-Hoc|iPhone.Deploy.0 = Release|x64
		{A21116E1-7F3D-4954-965A-FA7D25C41274}.Ad-Hoc|iPhoneSimulator.ActiveCfg = Release|x64
		{A21116E1-7F3D-4954-965A-FA7D25C41274}.Ad-Hoc|iPhoneSimulator.Build.0 = Release|x64
		{A21116E1-7F3D-4954-965A-FA7D25C41274}.Ad-Hoc|iPhoneSimulator.Deploy.0 = Release|x64
		{A21116E1-7F3D-4954-965A-FA7D25C41274}.Ad-Hoc|x64.ActiveCfg = Release|x64
		{A21116E1-7F3D-4954-965A-FA7D25C41274}.Ad-Hoc|x64.Build.0 = Release|x64
		{A21116E1-7F3D-4954-965A-FA7D25C41274}.Ad-Hoc|x64.Deploy.0 = Release|x64
		{A21116E1-7F3D-4954-965A-FA7D25C41274}.Ad-Hoc|x86.ActiveCfg = Release|x86
		{A21116E1-7F3D-4954-965A-FA7D25C41274}.Ad-Hoc|x86.Build.0 = Release|x86
		{A21116E1-7F3D-4954-965A-FA7D25C41274}.Ad-Hoc|x86.Deploy.0 = Release|x86
		{A21116E1-7F3D-4954-965A-FA7D25C41274}.AppStore|Any CPU.ActiveCfg = Release|x64
		{A21116E1-7F3D-4954-965A-FA7D25C41274}.AppStore|Any CPU.Build.0 = Release|x64
		{A21116E1-7F3D-4954-965A-FA7D25C41274}.AppStore|Any CPU.Deploy.0 = Release|x64
		{A21116E1-7F3D-4954-965A-FA7D25C41274}.AppStore|ARM.ActiveCfg = Release|ARM
		{A21116E1-7F3D-4954-965A-FA7D25C41274}.AppStore|ARM.Build.0 = Release|ARM
		{A21116E1-7F3D-4954-965A-FA7D25C41274}.AppStore|ARM.Deploy.0 = Release|ARM
		{A21116E1-7F3D-4954-965A-FA7D25C41274}.AppStore|iPhone.ActiveCfg = Release|x64
		{A21116E1-7F3D-4954-965A-FA7D25C41274}.AppStore|iPhone.Build.0 = Release|x64
		{A21116E1-7F3D-4954-965A-FA7D25C41274}.AppStore|iPhone.Deploy.0 = Release|x64
		{A21116E1-7F3D-4954-965A-FA7D25C41274}.AppStore|iPhoneSimulator.ActiveCfg = Release|x64
		{A21116E1-7F3D-4954-965A-FA7D25C41274}.AppStore|iPhoneSimulator.Build.0 = Release|x64
		{A21116E1-7F3D-4954-965A-FA7D25C41274}.AppStore|iPhoneSimulator.Deploy.0 = Release|x64
		{A21116E1-7F3D-4954-965A-FA7D25C41274}.AppStore|x64.ActiveCfg = Release|x64
		{A21116E1-7F3D-4954-965A-FA7D25C41274}.AppStore|x64.Build.0 = Release|x64
		{A21116E1-7F3D-4954-965A-FA7D25C41274}.AppStore|x64.Deploy.0 = Release|x64
		{A21116E1-7F3D-4954-965A-FA7D25C41274}.AppStore|x86.ActiveCfg = Release|x86
		{A21116E1-7F3D-4954-965A-FA7D25C41274}.AppStore|x86.Build.0 = Release|x86
		{A21116E1-7F3D-4954-965A-FA7D25C41274}.AppStore|x86.Deploy.0 = Release|x86
		{A21116E1-7F3D-4954-965A-FA7D25C41274}.Debug|Any CPU.ActiveCfg = Debug|x86
		{A21116E1-7F3D-4954-965A-FA7D25C41274}.Debug|ARM.ActiveCfg = Debug|ARM
		{A21116E1-7F3D-4954-965A-FA7D25C41274}.Debug|ARM.Build.0 = Debug|ARM
		{A21116E1-7F3D-4954-965A-FA7D25C41274}.Debug|ARM.Deploy.0 = Debug|ARM
		{A21116E1-7F3D-4954-965A-FA7D25C41274}.Debug|iPhone.ActiveCfg = Debug|x86
		{A21116E1-7F3D-4954-965A-FA7D25C41274}.Debug|iPhoneSimulator.ActiveCfg = Debug|x86
		{A21116E1-7F3D-4954-965A-FA7D25C41274}.Debug|x64.ActiveCfg = Debug|x64
		{A21116E1-7F3D-4954-965A-FA7D25C41274}.Debug|x64.Build.0 = Debug|x64
		{A21116E1-7F3D-4954-965A-FA7D25C41274}.Debug|x64.Deploy.0 = Debug|x64
		{A21116E1-7F3D-4954-965A-FA7D25C41274}.Debug|x86.ActiveCfg = Debug|x86
		{A21116E1-7F3D-4954-965A-FA7D25C41274}.Debug|x86.Build.0 = Debug|x86
		{A21116E1-7F3D-4954-965A-FA7D25C41274}.Debug|x86.Deploy.0 = Debug|x86
		{A21116E1-7F3D-4954-965A-FA7D25C41274}.Release|Any CPU.ActiveCfg = Release|x86
		{A21116E1-7F3D-4954-965A-FA7D25C41274}.Release|ARM.ActiveCfg = Release|ARM
		{A21116E1-7F3D-4954-965A-FA7D25C41274}.Release|ARM.Build.0 = Release|ARM
		{A21116E1-7F3D-4954-965A-FA7D25C41274}.Release|ARM.Deploy.0 = Release|ARM
		{A21116E1-7F3D-4954-965A-FA7D25C41274}.Release|iPhone.ActiveCfg = Release|x86
		{A21116E1-7F3D-4954-965A-FA7D25C41274}.Release|iPhoneSimulator.ActiveCfg = Release|x86
		{A21116E1-7F3D-4954-965A-FA7D25C41274}.Release|x64.ActiveCfg = Release|x64
		{A21116E1-7F3D-4954-965A-FA7D25C41274}.Release|x64.Build.0 = Release|x64
		{A21116E1-7F3D-4954-965A-FA7D25C41274}.Release|x64.Deploy.0 = Release|x64
		{A21116E1-7F3D-4954-965A-FA7D25C41274}.Release|x86.ActiveCfg = Release|x86
		{A21116E1-7F3D-4954-965A-FA7D25C41274}.Release|x86.Build.0 = Release|x86
		{A21116E1-7F3D-4954-965A-FA7D25C41274}.Release|x86.Deploy.0 = Release|x86
		{C8A9F839-F665-470F-9A37-A8896F34A7CE}.Ad-Hoc|Any CPU.ActiveCfg = Release|Any CPU
		{C8A9F839-F665-470F-9A37-A8896F34A7CE}.Ad-Hoc|Any CPU.Build.0 = Release|Any CPU
		{C8A9F839-F665-470F-9A37-A8896F34A7CE}.Ad-Hoc|ARM.ActiveCfg = Release|Any CPU
		{C8A9F839-F665-470F-9A37-A8896F34A7CE}.Ad-Hoc|ARM.Build.0 = Release|Any CPU
		{C8A9F839-F665-470F-9A37-A8896F34A7CE}.Ad-Hoc|iPhone.ActiveCfg = Release|Any CPU
		{C8A9F839-F665-470F-9A37-A8896F34A7CE}.Ad-Hoc|iPhone.Build.0 = Release|Any CPU
		{C8A9F839-F665-470F-9A37-A8896F34A7CE}.Ad-Hoc|iPhoneSimulator.ActiveCfg = Release|Any CPU
		{C8A9F839-F665-470F-9A37-A8896F34A7CE}.Ad-Hoc|iPhoneSimulator.Build.0 = Release|Any CPU
		{C8A9F839-F665-470F-9A37-A8896F34A7CE}.Ad-Hoc|x64.ActiveCfg = Release|Any CPU
		{C8A9F839-F665-470F-9A37-A8896F34A7CE}.Ad-Hoc|x64.Build.0 = Release|Any CPU
		{C8A9F839-F665-470F-9A37-A8896F34A7CE}.Ad-Hoc|x86.ActiveCfg = Release|Any CPU
		{C8A9F839-F665-470F-9A37-A8896F34A7CE}.Ad-Hoc|x86.Build.0 = Release|Any CPU
		{C8A9F839-F665-470F-9A37-A8896F34A7CE}.AppStore|Any CPU.ActiveCfg = Release|Any CPU
		{C8A9F839-F665-470F-9A37-A8896F34A7CE}.AppStore|Any CPU.Build.0 = Release|Any CPU
		{C8A9F839-F665-470F-9A37-A8896F34A7CE}.AppStore|ARM.ActiveCfg = Release|Any CPU
		{C8A9F839-F665-470F-9A37-A8896F34A7CE}.AppStore|ARM.Build.0 = Release|Any CPU
		{C8A9F839-F665-470F-9A37-A8896F34A7CE}.AppStore|iPhone.ActiveCfg = Release|Any CPU
		{C8A9F839-F665-470F-9A37-A8896F34A7CE}.AppStore|iPhone.Build.0 = Release|Any CPU
		{C8A9F839-F665-470F-9A37-A8896F34A7CE}.AppStore|iPhoneSimulator.ActiveCfg = Release|Any CPU
		{C8A9F839-F665-470F-9A37-A8896F34A7CE}.AppStore|iPhoneSimulator.Build.0 = Release|Any CPU
		{C8A9F839-F665-470F-9A37-A8896F34A7CE}.AppStore|x64.ActiveCfg = Release|Any CPU
		{C8A9F839-F665-470F-9A37-A8896F34A7CE}.AppStore|x64.Build.0 = Release|Any CPU
		{C8A9F839-F665-470F-9A37-A8896F34A7CE}.AppStore|x86.ActiveCfg = Release|Any CPU
		{C8A9F839-F665-470F-9A37-A8896F34A7CE}.AppStore|x86.Build.0 = Release|Any CPU
		{C8A9F839-F665-470F-9A37-A8896F34A7CE}.Debug|Any CPU.ActiveCfg = Debug|Any CPU
		{C8A9F839-F665-470F-9A37-A8896F34A7CE}.Debug|Any CPU.Build.0 = Debug|Any CPU
		{C8A9F839-F665-470F-9A37-A8896F34A7CE}.Debug|ARM.ActiveCfg = Debug|Any CPU
		{C8A9F839-F665-470F-9A37-A8896F34A7CE}.Debug|ARM.Build.0 = Debug|Any CPU
		{C8A9F839-F665-470F-9A37-A8896F34A7CE}.Debug|iPhone.ActiveCfg = Debug|Any CPU
		{C8A9F839-F665-470F-9A37-A8896F34A7CE}.Debug|iPhone.Build.0 = Debug|Any CPU
		{C8A9F839-F665-470F-9A37-A8896F34A7CE}.Debug|iPhoneSimulator.ActiveCfg = Debug|Any CPU
		{C8A9F839-F665-470F-9A37-A8896F34A7CE}.Debug|iPhoneSimulator.Build.0 = Debug|Any CPU
		{C8A9F839-F665-470F-9A37-A8896F34A7CE}.Debug|x64.ActiveCfg = Debug|Any CPU
		{C8A9F839-F665-470F-9A37-A8896F34A7CE}.Debug|x64.Build.0 = Debug|Any CPU
		{C8A9F839-F665-470F-9A37-A8896F34A7CE}.Debug|x86.ActiveCfg = Debug|Any CPU
		{C8A9F839-F665-470F-9A37-A8896F34A7CE}.Debug|x86.Build.0 = Debug|Any CPU
		{C8A9F839-F665-470F-9A37-A8896F34A7CE}.Release|Any CPU.ActiveCfg = Release|Any CPU
		{C8A9F839-F665-470F-9A37-A8896F34A7CE}.Release|Any CPU.Build.0 = Release|Any CPU
		{C8A9F839-F665-470F-9A37-A8896F34A7CE}.Release|ARM.ActiveCfg = Release|Any CPU
		{C8A9F839-F665-470F-9A37-A8896F34A7CE}.Release|ARM.Build.0 = Release|Any CPU
		{C8A9F839-F665-470F-9A37-A8896F34A7CE}.Release|iPhone.ActiveCfg = Release|Any CPU
		{C8A9F839-F665-470F-9A37-A8896F34A7CE}.Release|iPhone.Build.0 = Release|Any CPU
		{C8A9F839-F665-470F-9A37-A8896F34A7CE}.Release|iPhoneSimulator.ActiveCfg = Release|Any CPU
		{C8A9F839-F665-470F-9A37-A8896F34A7CE}.Release|iPhoneSimulator.Build.0 = Release|Any CPU
		{C8A9F839-F665-470F-9A37-A8896F34A7CE}.Release|x64.ActiveCfg = Release|Any CPU
		{C8A9F839-F665-470F-9A37-A8896F34A7CE}.Release|x64.Build.0 = Release|Any CPU
		{C8A9F839-F665-470F-9A37-A8896F34A7CE}.Release|x86.ActiveCfg = Release|Any CPU
		{C8A9F839-F665-470F-9A37-A8896F34A7CE}.Release|x86.Build.0 = Release|Any CPU
		{ECD581D0-57E1-46F2-BB40-DC7D8EFF9553}.Ad-Hoc|Any CPU.ActiveCfg = Release|Any CPU
		{ECD581D0-57E1-46F2-BB40-DC7D8EFF9553}.Ad-Hoc|Any CPU.Build.0 = Release|Any CPU
		{ECD581D0-57E1-46F2-BB40-DC7D8EFF9553}.Ad-Hoc|ARM.ActiveCfg = Release|Any CPU
		{ECD581D0-57E1-46F2-BB40-DC7D8EFF9553}.Ad-Hoc|ARM.Build.0 = Release|Any CPU
		{ECD581D0-57E1-46F2-BB40-DC7D8EFF9553}.Ad-Hoc|iPhone.ActiveCfg = Release|Any CPU
		{ECD581D0-57E1-46F2-BB40-DC7D8EFF9553}.Ad-Hoc|iPhone.Build.0 = Release|Any CPU
		{ECD581D0-57E1-46F2-BB40-DC7D8EFF9553}.Ad-Hoc|iPhoneSimulator.ActiveCfg = Release|Any CPU
		{ECD581D0-57E1-46F2-BB40-DC7D8EFF9553}.Ad-Hoc|iPhoneSimulator.Build.0 = Release|Any CPU
		{ECD581D0-57E1-46F2-BB40-DC7D8EFF9553}.Ad-Hoc|x64.ActiveCfg = Release|Any CPU
		{ECD581D0-57E1-46F2-BB40-DC7D8EFF9553}.Ad-Hoc|x64.Build.0 = Release|Any CPU
		{ECD581D0-57E1-46F2-BB40-DC7D8EFF9553}.Ad-Hoc|x86.ActiveCfg = Release|Any CPU
		{ECD581D0-57E1-46F2-BB40-DC7D8EFF9553}.Ad-Hoc|x86.Build.0 = Release|Any CPU
		{ECD581D0-57E1-46F2-BB40-DC7D8EFF9553}.AppStore|Any CPU.ActiveCfg = Release|Any CPU
		{ECD581D0-57E1-46F2-BB40-DC7D8EFF9553}.AppStore|Any CPU.Build.0 = Release|Any CPU
		{ECD581D0-57E1-46F2-BB40-DC7D8EFF9553}.AppStore|ARM.ActiveCfg = Release|Any CPU
		{ECD581D0-57E1-46F2-BB40-DC7D8EFF9553}.AppStore|ARM.Build.0 = Release|Any CPU
		{ECD581D0-57E1-46F2-BB40-DC7D8EFF9553}.AppStore|iPhone.ActiveCfg = Release|Any CPU
		{ECD581D0-57E1-46F2-BB40-DC7D8EFF9553}.AppStore|iPhone.Build.0 = Release|Any CPU
		{ECD581D0-57E1-46F2-BB40-DC7D8EFF9553}.AppStore|iPhoneSimulator.ActiveCfg = Release|Any CPU
		{ECD581D0-57E1-46F2-BB40-DC7D8EFF9553}.AppStore|iPhoneSimulator.Build.0 = Release|Any CPU
		{ECD581D0-57E1-46F2-BB40-DC7D8EFF9553}.AppStore|x64.ActiveCfg = Release|Any CPU
		{ECD581D0-57E1-46F2-BB40-DC7D8EFF9553}.AppStore|x64.Build.0 = Release|Any CPU
		{ECD581D0-57E1-46F2-BB40-DC7D8EFF9553}.AppStore|x86.ActiveCfg = Release|Any CPU
		{ECD581D0-57E1-46F2-BB40-DC7D8EFF9553}.AppStore|x86.Build.0 = Release|Any CPU
		{ECD581D0-57E1-46F2-BB40-DC7D8EFF9553}.Debug|Any CPU.ActiveCfg = Debug|Any CPU
		{ECD581D0-57E1-46F2-BB40-DC7D8EFF9553}.Debug|Any CPU.Build.0 = Debug|Any CPU
		{ECD581D0-57E1-46F2-BB40-DC7D8EFF9553}.Debug|ARM.ActiveCfg = Debug|Any CPU
		{ECD581D0-57E1-46F2-BB40-DC7D8EFF9553}.Debug|ARM.Build.0 = Debug|Any CPU
		{ECD581D0-57E1-46F2-BB40-DC7D8EFF9553}.Debug|iPhone.ActiveCfg = Debug|Any CPU
		{ECD581D0-57E1-46F2-BB40-DC7D8EFF9553}.Debug|iPhone.Build.0 = Debug|Any CPU
		{ECD581D0-57E1-46F2-BB40-DC7D8EFF9553}.Debug|iPhoneSimulator.ActiveCfg = Debug|Any CPU
		{ECD581D0-57E1-46F2-BB40-DC7D8EFF9553}.Debug|iPhoneSimulator.Build.0 = Debug|Any CPU
		{ECD581D0-57E1-46F2-BB40-DC7D8EFF9553}.Debug|x64.ActiveCfg = Debug|Any CPU
		{ECD581D0-57E1-46F2-BB40-DC7D8EFF9553}.Debug|x64.Build.0 = Debug|Any CPU
		{ECD581D0-57E1-46F2-BB40-DC7D8EFF9553}.Debug|x86.ActiveCfg = Debug|Any CPU
		{ECD581D0-57E1-46F2-BB40-DC7D8EFF9553}.Debug|x86.Build.0 = Debug|Any CPU
		{ECD581D0-57E1-46F2-BB40-DC7D8EFF9553}.Release|Any CPU.ActiveCfg = Release|Any CPU
		{ECD581D0-57E1-46F2-BB40-DC7D8EFF9553}.Release|Any CPU.Build.0 = Release|Any CPU
		{ECD581D0-57E1-46F2-BB40-DC7D8EFF9553}.Release|ARM.ActiveCfg = Release|Any CPU
		{ECD581D0-57E1-46F2-BB40-DC7D8EFF9553}.Release|ARM.Build.0 = Release|Any CPU
		{ECD581D0-57E1-46F2-BB40-DC7D8EFF9553}.Release|iPhone.ActiveCfg = Release|Any CPU
		{ECD581D0-57E1-46F2-BB40-DC7D8EFF9553}.Release|iPhone.Build.0 = Release|Any CPU
		{ECD581D0-57E1-46F2-BB40-DC7D8EFF9553}.Release|iPhoneSimulator.ActiveCfg = Release|Any CPU
		{ECD581D0-57E1-46F2-BB40-DC7D8EFF9553}.Release|iPhoneSimulator.Build.0 = Release|Any CPU
		{ECD581D0-57E1-46F2-BB40-DC7D8EFF9553}.Release|x64.ActiveCfg = Release|Any CPU
		{ECD581D0-57E1-46F2-BB40-DC7D8EFF9553}.Release|x64.Build.0 = Release|Any CPU
		{ECD581D0-57E1-46F2-BB40-DC7D8EFF9553}.Release|x86.ActiveCfg = Release|Any CPU
		{ECD581D0-57E1-46F2-BB40-DC7D8EFF9553}.Release|x86.Build.0 = Release|Any CPU
		{C8A9F839-F665-470F-9A37-A8896F34A7CE}.Ad-Hoc|Any CPU.ActiveCfg = Release|Any CPU
		{C8A9F839-F665-470F-9A37-A8896F34A7CE}.Ad-Hoc|Any CPU.Build.0 = Release|Any CPU
		{C8A9F839-F665-470F-9A37-A8896F34A7CE}.Ad-Hoc|ARM.ActiveCfg = Release|Any CPU
		{C8A9F839-F665-470F-9A37-A8896F34A7CE}.Ad-Hoc|ARM.Build.0 = Release|Any CPU
		{C8A9F839-F665-470F-9A37-A8896F34A7CE}.Ad-Hoc|iPhone.ActiveCfg = Release|Any CPU
		{C8A9F839-F665-470F-9A37-A8896F34A7CE}.Ad-Hoc|iPhone.Build.0 = Release|Any CPU
		{C8A9F839-F665-470F-9A37-A8896F34A7CE}.Ad-Hoc|iPhoneSimulator.ActiveCfg = Release|Any CPU
		{C8A9F839-F665-470F-9A37-A8896F34A7CE}.Ad-Hoc|iPhoneSimulator.Build.0 = Release|Any CPU
		{C8A9F839-F665-470F-9A37-A8896F34A7CE}.Ad-Hoc|x64.ActiveCfg = Release|Any CPU
		{C8A9F839-F665-470F-9A37-A8896F34A7CE}.Ad-Hoc|x64.Build.0 = Release|Any CPU
		{C8A9F839-F665-470F-9A37-A8896F34A7CE}.Ad-Hoc|x86.ActiveCfg = Release|Any CPU
		{C8A9F839-F665-470F-9A37-A8896F34A7CE}.Ad-Hoc|x86.Build.0 = Release|Any CPU
		{C8A9F839-F665-470F-9A37-A8896F34A7CE}.AppStore|Any CPU.ActiveCfg = Release|Any CPU
		{C8A9F839-F665-470F-9A37-A8896F34A7CE}.AppStore|Any CPU.Build.0 = Release|Any CPU
		{C8A9F839-F665-470F-9A37-A8896F34A7CE}.AppStore|ARM.ActiveCfg = Release|Any CPU
		{C8A9F839-F665-470F-9A37-A8896F34A7CE}.AppStore|ARM.Build.0 = Release|Any CPU
		{C8A9F839-F665-470F-9A37-A8896F34A7CE}.AppStore|iPhone.ActiveCfg = Release|Any CPU
		{C8A9F839-F665-470F-9A37-A8896F34A7CE}.AppStore|iPhone.Build.0 = Release|Any CPU
		{C8A9F839-F665-470F-9A37-A8896F34A7CE}.AppStore|iPhoneSimulator.ActiveCfg = Release|Any CPU
		{C8A9F839-F665-470F-9A37-A8896F34A7CE}.AppStore|iPhoneSimulator.Build.0 = Release|Any CPU
		{C8A9F839-F665-470F-9A37-A8896F34A7CE}.AppStore|x64.ActiveCfg = Release|Any CPU
		{C8A9F839-F665-470F-9A37-A8896F34A7CE}.AppStore|x64.Build.0 = Release|Any CPU
		{C8A9F839-F665-470F-9A37-A8896F34A7CE}.AppStore|x86.ActiveCfg = Release|Any CPU
		{C8A9F839-F665-470F-9A37-A8896F34A7CE}.AppStore|x86.Build.0 = Release|Any CPU
		{C8A9F839-F665-470F-9A37-A8896F34A7CE}.Debug|Any CPU.ActiveCfg = Debug|Any CPU
		{C8A9F839-F665-470F-9A37-A8896F34A7CE}.Debug|Any CPU.Build.0 = Debug|Any CPU
		{C8A9F839-F665-470F-9A37-A8896F34A7CE}.Debug|ARM.ActiveCfg = Debug|Any CPU
		{C8A9F839-F665-470F-9A37-A8896F34A7CE}.Debug|ARM.Build.0 = Debug|Any CPU
		{C8A9F839-F665-470F-9A37-A8896F34A7CE}.Debug|iPhone.ActiveCfg = Debug|Any CPU
		{C8A9F839-F665-470F-9A37-A8896F34A7CE}.Debug|iPhone.Build.0 = Debug|Any CPU
		{C8A9F839-F665-470F-9A37-A8896F34A7CE}.Debug|iPhoneSimulator.ActiveCfg = Debug|Any CPU
		{C8A9F839-F665-470F-9A37-A8896F34A7CE}.Debug|iPhoneSimulator.Build.0 = Debug|Any CPU
		{C8A9F839-F665-470F-9A37-A8896F34A7CE}.Debug|x64.ActiveCfg = Debug|Any CPU
		{C8A9F839-F665-470F-9A37-A8896F34A7CE}.Debug|x64.Build.0 = Debug|Any CPU
		{C8A9F839-F665-470F-9A37-A8896F34A7CE}.Debug|x86.ActiveCfg = Debug|Any CPU
		{C8A9F839-F665-470F-9A37-A8896F34A7CE}.Debug|x86.Build.0 = Debug|Any CPU
		{C8A9F839-F665-470F-9A37-A8896F34A7CE}.Release|Any CPU.ActiveCfg = Release|Any CPU
		{C8A9F839-F665-470F-9A37-A8896F34A7CE}.Release|Any CPU.Build.0 = Release|Any CPU
		{C8A9F839-F665-470F-9A37-A8896F34A7CE}.Release|ARM.ActiveCfg = Release|Any CPU
		{C8A9F839-F665-470F-9A37-A8896F34A7CE}.Release|ARM.Build.0 = Release|Any CPU
		{C8A9F839-F665-470F-9A37-A8896F34A7CE}.Release|iPhone.ActiveCfg = Release|Any CPU
		{C8A9F839-F665-470F-9A37-A8896F34A7CE}.Release|iPhone.Build.0 = Release|Any CPU
		{C8A9F839-F665-470F-9A37-A8896F34A7CE}.Release|iPhoneSimulator.ActiveCfg = Release|Any CPU
		{C8A9F839-F665-470F-9A37-A8896F34A7CE}.Release|iPhoneSimulator.Build.0 = Release|Any CPU
		{C8A9F839-F665-470F-9A37-A8896F34A7CE}.Release|x64.ActiveCfg = Release|Any CPU
		{C8A9F839-F665-470F-9A37-A8896F34A7CE}.Release|x64.Build.0 = Release|Any CPU
		{C8A9F839-F665-470F-9A37-A8896F34A7CE}.Release|x86.ActiveCfg = Release|Any CPU
		{C8A9F839-F665-470F-9A37-A8896F34A7CE}.Release|x86.Build.0 = Release|Any CPU
		{93DF2CDA-95B0-4627-830A-177B27E71BD9}.Ad-Hoc|Any CPU.ActiveCfg = Release|Any CPU
		{93DF2CDA-95B0-4627-830A-177B27E71BD9}.Ad-Hoc|Any CPU.Build.0 = Release|Any CPU
		{93DF2CDA-95B0-4627-830A-177B27E71BD9}.Ad-Hoc|Any CPU.Deploy.0 = Release|Any CPU
		{93DF2CDA-95B0-4627-830A-177B27E71BD9}.Ad-Hoc|ARM.ActiveCfg = Release|Any CPU
		{93DF2CDA-95B0-4627-830A-177B27E71BD9}.Ad-Hoc|ARM.Build.0 = Release|Any CPU
		{93DF2CDA-95B0-4627-830A-177B27E71BD9}.Ad-Hoc|ARM.Deploy.0 = Release|Any CPU
		{93DF2CDA-95B0-4627-830A-177B27E71BD9}.Ad-Hoc|iPhone.ActiveCfg = Release|Any CPU
		{93DF2CDA-95B0-4627-830A-177B27E71BD9}.Ad-Hoc|iPhone.Build.0 = Release|Any CPU
		{93DF2CDA-95B0-4627-830A-177B27E71BD9}.Ad-Hoc|iPhone.Deploy.0 = Release|Any CPU
		{93DF2CDA-95B0-4627-830A-177B27E71BD9}.Ad-Hoc|iPhoneSimulator.ActiveCfg = Release|Any CPU
		{93DF2CDA-95B0-4627-830A-177B27E71BD9}.Ad-Hoc|iPhoneSimulator.Build.0 = Release|Any CPU
		{93DF2CDA-95B0-4627-830A-177B27E71BD9}.Ad-Hoc|iPhoneSimulator.Deploy.0 = Release|Any CPU
		{93DF2CDA-95B0-4627-830A-177B27E71BD9}.Ad-Hoc|x64.ActiveCfg = Release|Any CPU
		{93DF2CDA-95B0-4627-830A-177B27E71BD9}.Ad-Hoc|x64.Build.0 = Release|Any CPU
		{93DF2CDA-95B0-4627-830A-177B27E71BD9}.Ad-Hoc|x64.Deploy.0 = Release|Any CPU
		{93DF2CDA-95B0-4627-830A-177B27E71BD9}.Ad-Hoc|x86.ActiveCfg = Release|Any CPU
		{93DF2CDA-95B0-4627-830A-177B27E71BD9}.Ad-Hoc|x86.Build.0 = Release|Any CPU
		{93DF2CDA-95B0-4627-830A-177B27E71BD9}.Ad-Hoc|x86.Deploy.0 = Release|Any CPU
		{93DF2CDA-95B0-4627-830A-177B27E71BD9}.AppStore|Any CPU.ActiveCfg = Release|Any CPU
		{93DF2CDA-95B0-4627-830A-177B27E71BD9}.AppStore|Any CPU.Build.0 = Release|Any CPU
		{93DF2CDA-95B0-4627-830A-177B27E71BD9}.AppStore|Any CPU.Deploy.0 = Release|Any CPU
		{93DF2CDA-95B0-4627-830A-177B27E71BD9}.AppStore|ARM.ActiveCfg = Release|Any CPU
		{93DF2CDA-95B0-4627-830A-177B27E71BD9}.AppStore|ARM.Build.0 = Release|Any CPU
		{93DF2CDA-95B0-4627-830A-177B27E71BD9}.AppStore|ARM.Deploy.0 = Release|Any CPU
		{93DF2CDA-95B0-4627-830A-177B27E71BD9}.AppStore|iPhone.ActiveCfg = Release|Any CPU
		{93DF2CDA-95B0-4627-830A-177B27E71BD9}.AppStore|iPhone.Build.0 = Release|Any CPU
		{93DF2CDA-95B0-4627-830A-177B27E71BD9}.AppStore|iPhone.Deploy.0 = Release|Any CPU
		{93DF2CDA-95B0-4627-830A-177B27E71BD9}.AppStore|iPhoneSimulator.ActiveCfg = Release|Any CPU
		{93DF2CDA-95B0-4627-830A-177B27E71BD9}.AppStore|iPhoneSimulator.Build.0 = Release|Any CPU
		{93DF2CDA-95B0-4627-830A-177B27E71BD9}.AppStore|iPhoneSimulator.Deploy.0 = Release|Any CPU
		{93DF2CDA-95B0-4627-830A-177B27E71BD9}.AppStore|x64.ActiveCfg = Release|Any CPU
		{93DF2CDA-95B0-4627-830A-177B27E71BD9}.AppStore|x64.Build.0 = Release|Any CPU
		{93DF2CDA-95B0-4627-830A-177B27E71BD9}.AppStore|x64.Deploy.0 = Release|Any CPU
		{93DF2CDA-95B0-4627-830A-177B27E71BD9}.AppStore|x86.ActiveCfg = Release|Any CPU
		{93DF2CDA-95B0-4627-830A-177B27E71BD9}.AppStore|x86.Build.0 = Release|Any CPU
		{93DF2CDA-95B0-4627-830A-177B27E71BD9}.AppStore|x86.Deploy.0 = Release|Any CPU
		{93DF2CDA-95B0-4627-830A-177B27E71BD9}.Debug|Any CPU.ActiveCfg = Debug|Any CPU
		{93DF2CDA-95B0-4627-830A-177B27E71BD9}.Debug|Any CPU.Build.0 = Debug|Any CPU
		{93DF2CDA-95B0-4627-830A-177B27E71BD9}.Debug|Any CPU.Deploy.0 = Debug|Any CPU
		{93DF2CDA-95B0-4627-830A-177B27E71BD9}.Debug|ARM.ActiveCfg = Debug|Any CPU
		{93DF2CDA-95B0-4627-830A-177B27E71BD9}.Debug|ARM.Build.0 = Debug|Any CPU
		{93DF2CDA-95B0-4627-830A-177B27E71BD9}.Debug|ARM.Deploy.0 = Debug|Any CPU
		{93DF2CDA-95B0-4627-830A-177B27E71BD9}.Debug|iPhone.ActiveCfg = Debug|Any CPU
		{93DF2CDA-95B0-4627-830A-177B27E71BD9}.Debug|iPhone.Build.0 = Debug|Any CPU
		{93DF2CDA-95B0-4627-830A-177B27E71BD9}.Debug|iPhone.Deploy.0 = Debug|Any CPU
		{93DF2CDA-95B0-4627-830A-177B27E71BD9}.Debug|iPhoneSimulator.ActiveCfg = Debug|Any CPU
		{93DF2CDA-95B0-4627-830A-177B27E71BD9}.Debug|iPhoneSimulator.Build.0 = Debug|Any CPU
		{93DF2CDA-95B0-4627-830A-177B27E71BD9}.Debug|iPhoneSimulator.Deploy.0 = Debug|Any CPU
		{93DF2CDA-95B0-4627-830A-177B27E71BD9}.Debug|x64.ActiveCfg = Debug|Any CPU
		{93DF2CDA-95B0-4627-830A-177B27E71BD9}.Debug|x64.Build.0 = Debug|Any CPU
		{93DF2CDA-95B0-4627-830A-177B27E71BD9}.Debug|x64.Deploy.0 = Debug|Any CPU
		{93DF2CDA-95B0-4627-830A-177B27E71BD9}.Debug|x86.ActiveCfg = Debug|Any CPU
		{93DF2CDA-95B0-4627-830A-177B27E71BD9}.Debug|x86.Build.0 = Debug|Any CPU
		{93DF2CDA-95B0-4627-830A-177B27E71BD9}.Debug|x86.Deploy.0 = Debug|Any CPU
		{93DF2CDA-95B0-4627-830A-177B27E71BD9}.Release|Any CPU.ActiveCfg = Release|Any CPU
		{93DF2CDA-95B0-4627-830A-177B27E71BD9}.Release|Any CPU.Build.0 = Release|Any CPU
		{93DF2CDA-95B0-4627-830A-177B27E71BD9}.Release|Any CPU.Deploy.0 = Release|Any CPU
		{93DF2CDA-95B0-4627-830A-177B27E71BD9}.Release|ARM.ActiveCfg = Release|Any CPU
		{93DF2CDA-95B0-4627-830A-177B27E71BD9}.Release|ARM.Build.0 = Release|Any CPU
		{93DF2CDA-95B0-4627-830A-177B27E71BD9}.Release|ARM.Deploy.0 = Release|Any CPU
		{93DF2CDA-95B0-4627-830A-177B27E71BD9}.Release|iPhone.ActiveCfg = Release|Any CPU
		{93DF2CDA-95B0-4627-830A-177B27E71BD9}.Release|iPhone.Build.0 = Release|Any CPU
		{93DF2CDA-95B0-4627-830A-177B27E71BD9}.Release|iPhone.Deploy.0 = Release|Any CPU
		{93DF2CDA-95B0-4627-830A-177B27E71BD9}.Release|iPhoneSimulator.ActiveCfg = Release|Any CPU
		{93DF2CDA-95B0-4627-830A-177B27E71BD9}.Release|iPhoneSimulator.Build.0 = Release|Any CPU
		{93DF2CDA-95B0-4627-830A-177B27E71BD9}.Release|iPhoneSimulator.Deploy.0 = Release|Any CPU
		{93DF2CDA-95B0-4627-830A-177B27E71BD9}.Release|x64.ActiveCfg = Release|Any CPU
		{93DF2CDA-95B0-4627-830A-177B27E71BD9}.Release|x64.Build.0 = Release|Any CPU
		{93DF2CDA-95B0-4627-830A-177B27E71BD9}.Release|x64.Deploy.0 = Release|Any CPU
		{93DF2CDA-95B0-4627-830A-177B27E71BD9}.Release|x86.ActiveCfg = Release|Any CPU
		{93DF2CDA-95B0-4627-830A-177B27E71BD9}.Release|x86.Build.0 = Release|Any CPU
		{93DF2CDA-95B0-4627-830A-177B27E71BD9}.Release|x86.Deploy.0 = Release|Any CPU
		{3DECDABD-0448-43CB-A1F0-D8728F03DF37}.Ad-Hoc|Any CPU.ActiveCfg = Ad-Hoc|iPhone
		{3DECDABD-0448-43CB-A1F0-D8728F03DF37}.Ad-Hoc|ARM.ActiveCfg = Ad-Hoc|iPhone
		{3DECDABD-0448-43CB-A1F0-D8728F03DF37}.Ad-Hoc|iPhone.ActiveCfg = Ad-Hoc|iPhone
		{3DECDABD-0448-43CB-A1F0-D8728F03DF37}.Ad-Hoc|iPhone.Build.0 = Ad-Hoc|iPhone
		{3DECDABD-0448-43CB-A1F0-D8728F03DF37}.Ad-Hoc|iPhoneSimulator.ActiveCfg = Ad-Hoc|iPhoneSimulator
		{3DECDABD-0448-43CB-A1F0-D8728F03DF37}.Ad-Hoc|iPhoneSimulator.Build.0 = Ad-Hoc|iPhoneSimulator
		{3DECDABD-0448-43CB-A1F0-D8728F03DF37}.Ad-Hoc|x64.ActiveCfg = Ad-Hoc|iPhone
		{3DECDABD-0448-43CB-A1F0-D8728F03DF37}.Ad-Hoc|x86.ActiveCfg = Ad-Hoc|iPhone
		{3DECDABD-0448-43CB-A1F0-D8728F03DF37}.AppStore|Any CPU.ActiveCfg = AppStore|iPhone
		{3DECDABD-0448-43CB-A1F0-D8728F03DF37}.AppStore|ARM.ActiveCfg = AppStore|iPhone
		{3DECDABD-0448-43CB-A1F0-D8728F03DF37}.AppStore|iPhone.ActiveCfg = AppStore|iPhone
		{3DECDABD-0448-43CB-A1F0-D8728F03DF37}.AppStore|iPhone.Build.0 = AppStore|iPhone
		{3DECDABD-0448-43CB-A1F0-D8728F03DF37}.AppStore|iPhoneSimulator.ActiveCfg = AppStore|iPhoneSimulator
		{3DECDABD-0448-43CB-A1F0-D8728F03DF37}.AppStore|iPhoneSimulator.Build.0 = AppStore|iPhoneSimulator
		{3DECDABD-0448-43CB-A1F0-D8728F03DF37}.AppStore|x64.ActiveCfg = AppStore|iPhone
		{3DECDABD-0448-43CB-A1F0-D8728F03DF37}.AppStore|x86.ActiveCfg = AppStore|iPhone
		{3DECDABD-0448-43CB-A1F0-D8728F03DF37}.Debug|Any CPU.ActiveCfg = Debug|iPhone
		{3DECDABD-0448-43CB-A1F0-D8728F03DF37}.Debug|ARM.ActiveCfg = Debug|iPhone
		{3DECDABD-0448-43CB-A1F0-D8728F03DF37}.Debug|iPhone.ActiveCfg = Debug|iPhone
		{3DECDABD-0448-43CB-A1F0-D8728F03DF37}.Debug|iPhone.Build.0 = Debug|iPhone
		{3DECDABD-0448-43CB-A1F0-D8728F03DF37}.Debug|iPhoneSimulator.ActiveCfg = Debug|iPhoneSimulator
		{3DECDABD-0448-43CB-A1F0-D8728F03DF37}.Debug|iPhoneSimulator.Build.0 = Debug|iPhoneSimulator
		{3DECDABD-0448-43CB-A1F0-D8728F03DF37}.Debug|x64.ActiveCfg = Debug|iPhone
		{3DECDABD-0448-43CB-A1F0-D8728F03DF37}.Debug|x86.ActiveCfg = Debug|iPhone
		{3DECDABD-0448-43CB-A1F0-D8728F03DF37}.Release|Any CPU.ActiveCfg = Release|iPhone
		{3DECDABD-0448-43CB-A1F0-D8728F03DF37}.Release|ARM.ActiveCfg = Release|iPhone
		{3DECDABD-0448-43CB-A1F0-D8728F03DF37}.Release|iPhone.ActiveCfg = Release|iPhone
		{3DECDABD-0448-43CB-A1F0-D8728F03DF37}.Release|iPhone.Build.0 = Release|iPhone
		{3DECDABD-0448-43CB-A1F0-D8728F03DF37}.Release|iPhoneSimulator.ActiveCfg = Release|iPhoneSimulator
		{3DECDABD-0448-43CB-A1F0-D8728F03DF37}.Release|iPhoneSimulator.Build.0 = Release|iPhoneSimulator
		{3DECDABD-0448-43CB-A1F0-D8728F03DF37}.Release|x64.ActiveCfg = Release|iPhone
		{3DECDABD-0448-43CB-A1F0-D8728F03DF37}.Release|x86.ActiveCfg = Release|iPhone
	EndGlobalSection
	GlobalSection(SolutionProperties) = preSolution
		HideSolutionNode = FALSE
	EndGlobalSection
EndGlobal
